
Microsoft Visual Studio Solution File, Format Version 12.00
# Visual Studio Version 16
VisualStudioVersion = 16.0.33214.272
MinimumVisualStudioVersion = 10.0.40219.1
Project("{FAE04EC0-301F-11D3-BF4B-00C04F79EFBC}") = "OOP-Encapsulacion", "OOP-Encapsulacion\OOP-Encapsulacion.csproj", "{50A33FD2-EF8D-4D51-A473-F6C2D36EA87C}"
EndProject
Global
	GlobalSection(SolutionConfigurationPlatforms) = preSolution
		Debug|Any CPU = Debug|Any CPU
		Release|Any CPU = Release|Any CPU
	EndGlobalSection
	GlobalSection(ProjectConfigurationPlatforms) = postSolution
		{50A33FD2-EF8D-4D51-A473-F6C2D36EA87C}.Debug|Any CPU.ActiveCfg = Debug|Any CPU
		{50A33FD2-EF8D-4D51-A473-F6C2D36EA87C}.Debug|Any CPU.Build.0 = Debug|Any CPU
		{50A33FD2-EF8D-4D51-A473-F6C2D36EA87C}.Release|Any CPU.ActiveCfg = Release|Any CPU
		{50A33FD2-EF8D-4D51-A473-F6C2D36EA87C}.Release|Any CPU.Build.0 = Release|Any CPU
	EndGlobalSection
	GlobalSection(SolutionProperties) = preSolution
		HideSolutionNode = FALSE
	EndGlobalSection
	GlobalSection(ExtensibilityGlobals) = postSolution
		SolutionGuid = {36EBC9BD-FD32-4A7A-A151-4F23E43FCA55}
	EndGlobalSection
EndGlobal
